
Microsoft Visual Studio Solution File, Format Version 12.00
# Visual Studio 15
VisualStudioVersion = 15.0.27703.2026
MinimumVisualStudioVersion = 10.0.40219.1
Project("{FAE04EC0-301F-11D3-BF4B-00C04F79EFBC}") = "TicTacToe", "TicTacToe\TicTacToe.csproj", "{F37FD25D-FBD0-41CC-8467-79B5390C5BEA}"
EndProject
Project("{FAE04EC0-301F-11D3-BF4B-00C04F79EFBC}") = "XUnitTest", "XUnitTest\XUnitTest.csproj", "{3F7C850D-7FC5-44B1-86D8-292D50A0BC7B}"
EndProject
Global
	GlobalSection(SolutionConfigurationPlatforms) = preSolution
		Debug|Any CPU = Debug|Any CPU
		Release|Any CPU = Release|Any CPU
	EndGlobalSection
	GlobalSection(ProjectConfigurationPlatforms) = postSolution
		{F37FD25D-FBD0-41CC-8467-79B5390C5BEA}.Debug|Any CPU.ActiveCfg = Debug|Any CPU
		{F37FD25D-FBD0-41CC-8467-79B5390C5BEA}.Debug|Any CPU.Build.0 = Debug|Any CPU
		{F37FD25D-FBD0-41CC-8467-79B5390C5BEA}.Release|Any CPU.ActiveCfg = Release|Any CPU
		{F37FD25D-FBD0-41CC-8467-79B5390C5BEA}.Release|Any CPU.Build.0 = Release|Any CPU
		{3F7C850D-7FC5-44B1-86D8-292D50A0BC7B}.Debug|Any CPU.ActiveCfg = Debug|Any CPU
		{3F7C850D-7FC5-44B1-86D8-292D50A0BC7B}.Debug|Any CPU.Build.0 = Debug|Any CPU
		{3F7C850D-7FC5-44B1-86D8-292D50A0BC7B}.Release|Any CPU.ActiveCfg = Release|Any CPU
		{3F7C850D-7FC5-44B1-86D8-292D50A0BC7B}.Release|Any CPU.Build.0 = Release|Any CPU
	EndGlobalSection
	GlobalSection(SolutionProperties) = preSolution
		HideSolutionNode = FALSE
	EndGlobalSection
	GlobalSection(ExtensibilityGlobals) = postSolution
		SolutionGuid = {161E8FBA-AFEF-4DB0-93E8-C43D7977EC28}
	EndGlobalSection
EndGlobal
